// !$*UTF8*$!
{
	archiveVersion = 1;
	classes = {
	};
	objectVersion = 51;
	objects = {

/* Begin PBXBuildFile section */
		5200CFD12640527000D524FF /* AnswerButton.swift in Sources */ = {isa = PBXBuildFile; fileRef = 5200CFD02640526F00D524FF /* AnswerButton.swift */; };
		52011B7A263F046F00710E23 /* AppRouter.swift in Sources */ = {isa = PBXBuildFile; fileRef = 52011B79263F046F00710E23 /* AppRouter.swift */; };
		52011B7F263F0C8C00710E23 /* QuizViewController.swift in Sources */ = {isa = PBXBuildFile; fileRef = 52011B7E263F0C8C00710E23 /* QuizViewController.swift */; };
		5222FE222627331B00B8276C /* TableCell.swift in Sources */ = {isa = PBXBuildFile; fileRef = 5222FE212627331B00B8276C /* TableCell.swift */; };
		5222FE25262775D500B8276C /* FunFactView.swift in Sources */ = {isa = PBXBuildFile; fileRef = 5222FE24262775D500B8276C /* FunFactView.swift */; };
		522A8D6C2626118A008C7970 /* InputField.swift in Sources */ = {isa = PBXBuildFile; fileRef = 522A8D6B2626118A008C7970 /* InputField.swift */; };
		522A8D70262611A8008C7970 /* Button.swift in Sources */ = {isa = PBXBuildFile; fileRef = 522A8D6F262611A8008C7970 /* Button.swift */; };
		522A8D7B26261F21008C7970 /* TitleLabel.swift in Sources */ = {isa = PBXBuildFile; fileRef = 522A8D7A26261F21008C7970 /* TitleLabel.swift */; };
		522A8D7F26264C68008C7970 /* QuizzesViewController.swift in Sources */ = {isa = PBXBuildFile; fileRef = 522A8D7E26264C68008C7970 /* QuizzesViewController.swift */; };
		5240B8E3262798C90022354A /* ErrorView.swift in Sources */ = {isa = PBXBuildFile; fileRef = 5240B8E2262798C90022354A /* ErrorView.swift */; };
		52B880E6261E0A770020700D /* AppDelegate.swift in Sources */ = {isa = PBXBuildFile; fileRef = 52B880E5261E0A770020700D /* AppDelegate.swift */; };
		52B880E8261E0A770020700D /* SceneDelegate.swift in Sources */ = {isa = PBXBuildFile; fileRef = 52B880E7261E0A770020700D /* SceneDelegate.swift */; };
		52B880EF261E0A7B0020700D /* Assets.xcassets in Resources */ = {isa = PBXBuildFile; fileRef = 52B880EE261E0A7B0020700D /* Assets.xcassets */; };
		52B880F2261E0A7B0020700D /* LaunchScreen.storyboard in Resources */ = {isa = PBXBuildFile; fileRef = 52B880F0261E0A7B0020700D /* LaunchScreen.storyboard */; };
		52CA46D42621ED9300C54DEE /* LoginViewController.swift in Sources */ = {isa = PBXBuildFile; fileRef = 52CA46D32621ED9300C54DEE /* LoginViewController.swift */; };
		52CA46E52621F7CB00C54DEE /* DataServiceProtocol.swift in Sources */ = {isa = PBXBuildFile; fileRef = 52CA46E32621F7CB00C54DEE /* DataServiceProtocol.swift */; };
		52CA46E62621F7CB00C54DEE /* DataService.swift in Sources */ = {isa = PBXBuildFile; fileRef = 52CA46E42621F7CB00C54DEE /* DataService.swift */; };
		52CA46ED2621F84100C54DEE /* Quiz.swift in Sources */ = {isa = PBXBuildFile; fileRef = 52CA46E92621F84000C54DEE /* Quiz.swift */; };
		52CA46EE2621F84100C54DEE /* Question.swift in Sources */ = {isa = PBXBuildFile; fileRef = 52CA46EA2621F84000C54DEE /* Question.swift */; };
		52CA46EF2621F84100C54DEE /* QuizCategory.swift in Sources */ = {isa = PBXBuildFile; fileRef = 52CA46EB2621F84000C54DEE /* QuizCategory.swift */; };
		52CA46F02621F84100C54DEE /* LoginStatus.swift in Sources */ = {isa = PBXBuildFile; fileRef = 52CA46EC2621F84100C54DEE /* LoginStatus.swift */; };
		52F28C5B2641831D00C71665 /* QuizResultViewController.swift in Sources */ = {isa = PBXBuildFile; fileRef = 52F28C5A2641831D00C71665 /* QuizResultViewController.swift */; };
		52F28C5E2641972C00C71665 /* SettingsViewController.swift in Sources */ = {isa = PBXBuildFile; fileRef = 52F28C5D2641972C00C71665 /* SettingsViewController.swift */; };
		668685CFE4CFA32F21338BD2 /* Pods_QuizApp.framework in Frameworks */ = {isa = PBXBuildFile; fileRef = 264F0CF344CD3124D178CCB5 /* Pods_QuizApp.framework */; };
/* End PBXBuildFile section */

/* Begin PBXFileReference section */
		264F0CF344CD3124D178CCB5 /* Pods_QuizApp.framework */ = {isa = PBXFileReference; explicitFileType = wrapper.framework; includeInIndex = 0; path = Pods_QuizApp.framework; sourceTree = BUILT_PRODUCTS_DIR; };
		5200CFD02640526F00D524FF /* AnswerButton.swift */ = {isa = PBXFileReference; lastKnownFileType = sourcecode.swift; path = AnswerButton.swift; sourceTree = "<group>"; };
		52011B79263F046F00710E23 /* AppRouter.swift */ = {isa = PBXFileReference; lastKnownFileType = sourcecode.swift; path = AppRouter.swift; sourceTree = "<group>"; };
		52011B7E263F0C8C00710E23 /* QuizViewController.swift */ = {isa = PBXFileReference; lastKnownFileType = sourcecode.swift; path = QuizViewController.swift; sourceTree = "<group>"; };
		5222FE212627331B00B8276C /* TableCell.swift */ = {isa = PBXFileReference; lastKnownFileType = sourcecode.swift; path = TableCell.swift; sourceTree = "<group>"; };
		5222FE24262775D500B8276C /* FunFactView.swift */ = {isa = PBXFileReference; lastKnownFileType = sourcecode.swift; path = FunFactView.swift; sourceTree = "<group>"; };
		522A8D6B2626118A008C7970 /* InputField.swift */ = {isa = PBXFileReference; lastKnownFileType = sourcecode.swift; path = InputField.swift; sourceTree = "<group>"; };
		522A8D6F262611A8008C7970 /* Button.swift */ = {isa = PBXFileReference; lastKnownFileType = sourcecode.swift; path = Button.swift; sourceTree = "<group>"; };
		522A8D7A26261F21008C7970 /* TitleLabel.swift */ = {isa = PBXFileReference; lastKnownFileType = sourcecode.swift; path = TitleLabel.swift; sourceTree = "<group>"; };
		522A8D7E26264C68008C7970 /* QuizzesViewController.swift */ = {isa = PBXFileReference; lastKnownFileType = sourcecode.swift; path = QuizzesViewController.swift; sourceTree = "<group>"; };
		5240B8E2262798C90022354A /* ErrorView.swift */ = {isa = PBXFileReference; lastKnownFileType = sourcecode.swift; path = ErrorView.swift; sourceTree = "<group>"; };
		52B880E2261E0A770020700D /* QuizApp.app */ = {isa = PBXFileReference; explicitFileType = wrapper.application; includeInIndex = 0; path = QuizApp.app; sourceTree = BUILT_PRODUCTS_DIR; };
		52B880E5261E0A770020700D /* AppDelegate.swift */ = {isa = PBXFileReference; lastKnownFileType = sourcecode.swift; path = AppDelegate.swift; sourceTree = "<group>"; };
		52B880E7261E0A770020700D /* SceneDelegate.swift */ = {isa = PBXFileReference; lastKnownFileType = sourcecode.swift; path = SceneDelegate.swift; sourceTree = "<group>"; };
		52B880EE261E0A7B0020700D /* Assets.xcassets */ = {isa = PBXFileReference; lastKnownFileType = folder.assetcatalog; path = Assets.xcassets; sourceTree = "<group>"; };
		52B880F1261E0A7B0020700D /* Base */ = {isa = PBXFileReference; lastKnownFileType = file.storyboard; name = Base; path = Base.lproj/LaunchScreen.storyboard; sourceTree = "<group>"; };
		52B880F3261E0A7B0020700D /* Info.plist */ = {isa = PBXFileReference; lastKnownFileType = text.plist.xml; path = Info.plist; sourceTree = "<group>"; };
		52CA46D32621ED9300C54DEE /* LoginViewController.swift */ = {isa = PBXFileReference; lastKnownFileType = sourcecode.swift; path = LoginViewController.swift; sourceTree = "<group>"; };
		52CA46E32621F7CB00C54DEE /* DataServiceProtocol.swift */ = {isa = PBXFileReference; fileEncoding = 4; lastKnownFileType = sourcecode.swift; path = DataServiceProtocol.swift; sourceTree = "<group>"; };
		52CA46E42621F7CB00C54DEE /* DataService.swift */ = {isa = PBXFileReference; fileEncoding = 4; lastKnownFileType = sourcecode.swift; path = DataService.swift; sourceTree = "<group>"; };
		52CA46E92621F84000C54DEE /* Quiz.swift */ = {isa = PBXFileReference; fileEncoding = 4; lastKnownFileType = sourcecode.swift; path = Quiz.swift; sourceTree = "<group>"; };
		52CA46EA2621F84000C54DEE /* Question.swift */ = {isa = PBXFileReference; fileEncoding = 4; lastKnownFileType = sourcecode.swift; path = Question.swift; sourceTree = "<group>"; };
		52CA46EB2621F84000C54DEE /* QuizCategory.swift */ = {isa = PBXFileReference; fileEncoding = 4; lastKnownFileType = sourcecode.swift; path = QuizCategory.swift; sourceTree = "<group>"; };
		52CA46EC2621F84100C54DEE /* LoginStatus.swift */ = {isa = PBXFileReference; fileEncoding = 4; lastKnownFileType = sourcecode.swift; path = LoginStatus.swift; sourceTree = "<group>"; };
		52F28C5A2641831D00C71665 /* QuizResultViewController.swift */ = {isa = PBXFileReference; lastKnownFileType = sourcecode.swift; path = QuizResultViewController.swift; sourceTree = "<group>"; };
		52F28C5D2641972C00C71665 /* SettingsViewController.swift */ = {isa = PBXFileReference; lastKnownFileType = sourcecode.swift; path = SettingsViewController.swift; sourceTree = "<group>"; };
		7F68D2BBE6D21CB36B20C510 /* Pods-QuizApp.release.xcconfig */ = {isa = PBXFileReference; includeInIndex = 1; lastKnownFileType = text.xcconfig; name = "Pods-QuizApp.release.xcconfig"; path = "Target Support Files/Pods-QuizApp/Pods-QuizApp.release.xcconfig"; sourceTree = "<group>"; };
		BCCA33E19678666A7FC4EA80 /* Pods-QuizApp.debug.xcconfig */ = {isa = PBXFileReference; includeInIndex = 1; lastKnownFileType = text.xcconfig; name = "Pods-QuizApp.debug.xcconfig"; path = "Target Support Files/Pods-QuizApp/Pods-QuizApp.debug.xcconfig"; sourceTree = "<group>"; };
/* End PBXFileReference section */

/* Begin PBXFrameworksBuildPhase section */
		52B880DF261E0A770020700D /* Frameworks */ = {
			isa = PBXFrameworksBuildPhase;
			buildActionMask = 2147483647;
			files = (
				668685CFE4CFA32F21338BD2 /* Pods_QuizApp.framework in Frameworks */,
			);
			runOnlyForDeploymentPostprocessing = 0;
		};
/* End PBXFrameworksBuildPhase section */

/* Begin PBXGroup section */
		2D095D826DA1A8B07D38584D /* Pods */ = {
			isa = PBXGroup;
			children = (
				BCCA33E19678666A7FC4EA80 /* Pods-QuizApp.debug.xcconfig */,
				7F68D2BBE6D21CB36B20C510 /* Pods-QuizApp.release.xcconfig */,
			);
			path = Pods;
			sourceTree = "<group>";
		};
		52011B78263F045400710E23 /* Coordinator */ = {
			isa = PBXGroup;
			children = (
				52011B79263F046F00710E23 /* AppRouter.swift */,
			);
			path = Coordinator;
			sourceTree = "<group>";
		};
		52011B7D263F075800710E23 /* Controllers */ = {
			isa = PBXGroup;
			children = (
				52CA46D32621ED9300C54DEE /* LoginViewController.swift */,
				522A8D7E26264C68008C7970 /* QuizzesViewController.swift */,
				52011B7E263F0C8C00710E23 /* QuizViewController.swift */,
				52F28C5A2641831D00C71665 /* QuizResultViewController.swift */,
				52F28C5D2641972C00C71665 /* SettingsViewController.swift */,
			);
			path = Controllers;
			sourceTree = "<group>";
		};
		522A8D6A26261124008C7970 /* Views */ = {
			isa = PBXGroup;
			children = (
				522A8D6B2626118A008C7970 /* InputField.swift */,
				522A8D6F262611A8008C7970 /* Button.swift */,
				522A8D7A26261F21008C7970 /* TitleLabel.swift */,
				5222FE212627331B00B8276C /* TableCell.swift */,
				5222FE24262775D500B8276C /* FunFactView.swift */,
				5240B8E2262798C90022354A /* ErrorView.swift */,
				5200CFD02640526F00D524FF /* AnswerButton.swift */,
			);
			path = Views;
			sourceTree = "<group>";
		};
		52B880D9261E0A770020700D = {
			isa = PBXGroup;
			children = (
				52B880E4261E0A770020700D /* QuizApp */,
				52B880E3261E0A770020700D /* Products */,
				2D095D826DA1A8B07D38584D /* Pods */,
				76E7C3B8159B5C960A3E01FE /* Frameworks */,
			);
			sourceTree = "<group>";
		};
		52B880E3261E0A770020700D /* Products */ = {
			isa = PBXGroup;
			children = (
				52B880E2261E0A770020700D /* QuizApp.app */,
			);
			name = Products;
			sourceTree = "<group>";
		};
		52B880E4261E0A770020700D /* QuizApp */ = {
			isa = PBXGroup;
			children = (
				52011B7D263F075800710E23 /* Controllers */,
				52011B78263F045400710E23 /* Coordinator */,
				522A8D6A26261124008C7970 /* Views */,
				52CA46D92621F6D600C54DEE /* Data */,
				52B880E5261E0A770020700D /* AppDelegate.swift */,
				52B880E7261E0A770020700D /* SceneDelegate.swift */,
				52B880EE261E0A7B0020700D /* Assets.xcassets */,
				52B880F0261E0A7B0020700D /* LaunchScreen.storyboard */,
				52B880F3261E0A7B0020700D /* Info.plist */,
			);
			path = QuizApp;
			sourceTree = "<group>";
		};
		52CA46D92621F6D600C54DEE /* Data */ = {
			isa = PBXGroup;
			children = (
				52CA46E82621F81200C54DEE /* Model */,
				52CA46E42621F7CB00C54DEE /* DataService.swift */,
				52CA46E32621F7CB00C54DEE /* DataServiceProtocol.swift */,
			);
			path = Data;
			sourceTree = "<group>";
		};
		52CA46E82621F81200C54DEE /* Model */ = {
			isa = PBXGroup;
			children = (
				52CA46EC2621F84100C54DEE /* LoginStatus.swift */,
				52CA46EA2621F84000C54DEE /* Question.swift */,
				52CA46E92621F84000C54DEE /* Quiz.swift */,
				52CA46EB2621F84000C54DEE /* QuizCategory.swift */,
			);
			path = Model;
			sourceTree = "<group>";
		};
		76E7C3B8159B5C960A3E01FE /* Frameworks */ = {
			isa = PBXGroup;
			children = (
				264F0CF344CD3124D178CCB5 /* Pods_QuizApp.framework */,
			);
			name = Frameworks;
			sourceTree = "<group>";
		};
/* End PBXGroup section */

/* Begin PBXNativeTarget section */
		52B880E1261E0A770020700D /* QuizApp */ = {
			isa = PBXNativeTarget;
			buildConfigurationList = 52B880F6261E0A7B0020700D /* Build configuration list for PBXNativeTarget "QuizApp" */;
			buildPhases = (
				3908224082D3FB15AA9C6069 /* [CP] Check Pods Manifest.lock */,
				52B880DE261E0A770020700D /* Sources */,
				52B880DF261E0A770020700D /* Frameworks */,
				52B880E0261E0A770020700D /* Resources */,
				3CDFA437C987B189DC3CD2ED /* [CP] Embed Pods Frameworks */,
			);
			buildRules = (
			);
			dependencies = (
			);
			name = QuizApp;
			productName = QuizApp;
			productReference = 52B880E2261E0A770020700D /* QuizApp.app */;
			productType = "com.apple.product-type.application";
		};
/* End PBXNativeTarget section */

/* Begin PBXProject section */
		52B880DA261E0A770020700D /* Project object */ = {
			isa = PBXProject;
			attributes = {
				LastSwiftUpdateCheck = 1240;
				LastUpgradeCheck = 1240;
				TargetAttributes = {
					52B880E1261E0A770020700D = {
						CreatedOnToolsVersion = 12.4;
					};
				};
			};
			buildConfigurationList = 52B880DD261E0A770020700D /* Build configuration list for PBXProject "QuizApp" */;
			compatibilityVersion = "Xcode 9.3";
			developmentRegion = en;
			hasScannedForEncodings = 0;
			knownRegions = (
				en,
				Base,
			);
			mainGroup = 52B880D9261E0A770020700D;
			productRefGroup = 52B880E3261E0A770020700D /* Products */;
			projectDirPath = "";
			projectRoot = "";
			targets = (
				52B880E1261E0A770020700D /* QuizApp */,
			);
		};
/* End PBXProject section */

/* Begin PBXResourcesBuildPhase section */
		52B880E0261E0A770020700D /* Resources */ = {
			isa = PBXResourcesBuildPhase;
			buildActionMask = 2147483647;
			files = (
				52B880F2261E0A7B0020700D /* LaunchScreen.storyboard in Resources */,
				52B880EF261E0A7B0020700D /* Assets.xcassets in Resources */,
			);
			runOnlyForDeploymentPostprocessing = 0;
		};
/* End PBXResourcesBuildPhase section */

/* Begin PBXShellScriptBuildPhase section */
		3908224082D3FB15AA9C6069 /* [CP] Check Pods Manifest.lock */ = {
			isa = PBXShellScriptBuildPhase;
			buildActionMask = 2147483647;
			files = (
			);
			inputFileListPaths = (
			);
			inputPaths = (
				"${PODS_PODFILE_DIR_PATH}/Podfile.lock",
				"${PODS_ROOT}/Manifest.lock",
			);
			name = "[CP] Check Pods Manifest.lock";
			outputFileListPaths = (
			);
			outputPaths = (
				"$(DERIVED_FILE_DIR)/Pods-QuizApp-checkManifestLockResult.txt",
			);
			runOnlyForDeploymentPostprocessing = 0;
			shellPath = /bin/sh;
			shellScript = "diff \"${PODS_PODFILE_DIR_PATH}/Podfile.lock\" \"${PODS_ROOT}/Manifest.lock\" > /dev/null\nif [ $? != 0 ] ; then\n    # print error to STDERR\n    echo \"error: The sandbox is not in sync with the Podfile.lock. Run 'pod install' or update your CocoaPods installation.\" >&2\n    exit 1\nfi\n# This output is used by Xcode 'outputs' to avoid re-running this script phase.\necho \"SUCCESS\" > \"${SCRIPT_OUTPUT_FILE_0}\"\n";
			showEnvVarsInLog = 0;
		};
		3CDFA437C987B189DC3CD2ED /* [CP] Embed Pods Frameworks */ = {
			isa = PBXShellScriptBuildPhase;
			buildActionMask = 2147483647;
			files = (
			);
			inputFileListPaths = (
				"${PODS_ROOT}/Target Support Files/Pods-QuizApp/Pods-QuizApp-frameworks-${CONFIGURATION}-input-files.xcfilelist",
			);
			name = "[CP] Embed Pods Frameworks";
			outputFileListPaths = (
				"${PODS_ROOT}/Target Support Files/Pods-QuizApp/Pods-QuizApp-frameworks-${CONFIGURATION}-output-files.xcfilelist",
			);
			runOnlyForDeploymentPostprocessing = 0;
			shellPath = /bin/sh;
			shellScript = "\"${PODS_ROOT}/Target Support Files/Pods-QuizApp/Pods-QuizApp-frameworks.sh\"\n";
			showEnvVarsInLog = 0;
		};
/* End PBXShellScriptBuildPhase section */

/* Begin PBXSourcesBuildPhase section */
		52B880DE261E0A770020700D /* Sources */ = {
			isa = PBXSourcesBuildPhase;
			buildActionMask = 2147483647;
			files = (
				52CA46D42621ED9300C54DEE /* LoginViewController.swift in Sources */,
				52CA46E52621F7CB00C54DEE /* DataServiceProtocol.swift in Sources */,
				52F28C5E2641972C00C71665 /* SettingsViewController.swift in Sources */,
				52CA46ED2621F84100C54DEE /* Quiz.swift in Sources */,
				522A8D6C2626118A008C7970 /* InputField.swift in Sources */,
				522A8D7F26264C68008C7970 /* QuizzesViewController.swift in Sources */,
				5240B8E3262798C90022354A /* ErrorView.swift in Sources */,
				5222FE25262775D500B8276C /* FunFactView.swift in Sources */,
				52B880E6261E0A770020700D /* AppDelegate.swift in Sources */,
				52CA46EF2621F84100C54DEE /* QuizCategory.swift in Sources */,
				52B880E8261E0A770020700D /* SceneDelegate.swift in Sources */,
				52CA46EE2621F84100C54DEE /* Question.swift in Sources */,
				52CA46F02621F84100C54DEE /* LoginStatus.swift in Sources */,
				5222FE222627331B00B8276C /* TableCell.swift in Sources */,
				522A8D7B26261F21008C7970 /* TitleLabel.swift in Sources */,
				52CA46E62621F7CB00C54DEE /* DataService.swift in Sources */,
				52011B7F263F0C8C00710E23 /* QuizViewController.swift in Sources */,
				52F28C5B2641831D00C71665 /* QuizResultViewController.swift in Sources */,
				52011B7A263F046F00710E23 /* AppRouter.swift in Sources */,
				522A8D70262611A8008C7970 /* Button.swift in Sources */,
				5200CFD12640527000D524FF /* AnswerButton.swift in Sources */,
			);
			runOnlyForDeploymentPostprocessing = 0;
		};
/* End PBXSourcesBuildPhase section */

/* Begin PBXVariantGroup section */
		52B880F0261E0A7B0020700D /* LaunchScreen.storyboard */ = {
			isa = PBXVariantGroup;
			children = (
				52B880F1261E0A7B0020700D /* Base */,
			);
			name = LaunchScreen.storyboard;
			sourceTree = "<group>";
		};
/* End PBXVariantGroup section */

/* Begin XCBuildConfiguration section */
		52B880F4261E0A7B0020700D /* Debug */ = {
			isa = XCBuildConfiguration;
			buildSettings = {
				ALWAYS_SEARCH_USER_PATHS = NO;
				CLANG_ANALYZER_NONNULL = YES;
				CLANG_ANALYZER_NUMBER_OBJECT_CONVERSION = YES_AGGRESSIVE;
				CLANG_CXX_LANGUAGE_STANDARD = "gnu++14";
				CLANG_CXX_LIBRARY = "libc++";
				CLANG_ENABLE_MODULES = YES;
				CLANG_ENABLE_OBJC_ARC = YES;
				CLANG_ENABLE_OBJC_WEAK = YES;
				CLANG_WARN_BLOCK_CAPTURE_AUTORELEASING = YES;
				CLANG_WARN_BOOL_CONVERSION = YES;
				CLANG_WARN_COMMA = YES;
				CLANG_WARN_CONSTANT_CONVERSION = YES;
				CLANG_WARN_DEPRECATED_OBJC_IMPLEMENTATIONS = YES;
				CLANG_WARN_DIRECT_OBJC_ISA_USAGE = YES_ERROR;
				CLANG_WARN_DOCUMENTATION_COMMENTS = YES;
				CLANG_WARN_EMPTY_BODY = YES;
				CLANG_WARN_ENUM_CONVERSION = YES;
				CLANG_WARN_INFINITE_RECURSION = YES;
				CLANG_WARN_INT_CONVERSION = YES;
				CLANG_WARN_NON_LITERAL_NULL_CONVERSION = YES;
				CLANG_WARN_OBJC_IMPLICIT_RETAIN_SELF = YES;
				CLANG_WARN_OBJC_LITERAL_CONVERSION = YES;
				CLANG_WARN_OBJC_ROOT_CLASS = YES_ERROR;
				CLANG_WARN_QUOTED_INCLUDE_IN_FRAMEWORK_HEADER = YES;
				CLANG_WARN_RANGE_LOOP_ANALYSIS = YES;
				CLANG_WARN_STRICT_PROTOTYPES = YES;
				CLANG_WARN_SUSPICIOUS_MOVE = YES;
				CLANG_WARN_UNGUARDED_AVAILABILITY = YES_AGGRESSIVE;
				CLANG_WARN_UNREACHABLE_CODE = YES;
				CLANG_WARN__DUPLICATE_METHOD_MATCH = YES;
				COPY_PHASE_STRIP = NO;
				DEBUG_INFORMATION_FORMAT = dwarf;
				ENABLE_STRICT_OBJC_MSGSEND = YES;
				ENABLE_TESTABILITY = YES;
				GCC_C_LANGUAGE_STANDARD = gnu11;
				GCC_DYNAMIC_NO_PIC = NO;
				GCC_NO_COMMON_BLOCKS = YES;
				GCC_OPTIMIZATION_LEVEL = 0;
				GCC_PREPROCESSOR_DEFINITIONS = (
					"DEBUG=1",
					"$(inherited)",
				);
				GCC_WARN_64_TO_32_BIT_CONVERSION = YES;
				GCC_WARN_ABOUT_RETURN_TYPE = YES_ERROR;
				GCC_WARN_UNDECLARED_SELECTOR = YES;
				GCC_WARN_UNINITIALIZED_AUTOS = YES_AGGRESSIVE;
				GCC_WARN_UNUSED_FUNCTION = YES;
				GCC_WARN_UNUSED_VARIABLE = YES;
				IPHONEOS_DEPLOYMENT_TARGET = 14.4;
				MTL_ENABLE_DEBUG_INFO = INCLUDE_SOURCE;
				MTL_FAST_MATH = YES;
				ONLY_ACTIVE_ARCH = YES;
				SDKROOT = iphoneos;
				SWIFT_ACTIVE_COMPILATION_CONDITIONS = DEBUG;
				SWIFT_OPTIMIZATION_LEVEL = "-Onone";
			};
			name = Debug;
		};
		52B880F5261E0A7B0020700D /* Release */ = {
			isa = XCBuildConfiguration;
			buildSettings = {
				ALWAYS_SEARCH_USER_PATHS = NO;
				CLANG_ANALYZER_NONNULL = YES;
				CLANG_ANALYZER_NUMBER_OBJECT_CONVERSION = YES_AGGRESSIVE;
				CLANG_CXX_LANGUAGE_STANDARD = "gnu++14";
				CLANG_CXX_LIBRARY = "libc++";
				CLANG_ENABLE_MODULES = YES;
				CLANG_ENABLE_OBJC_ARC = YES;
				CLANG_ENABLE_OBJC_WEAK = YES;
				CLANG_WARN_BLOCK_CAPTURE_AUTORELEASING = YES;
				CLANG_WARN_BOOL_CONVERSION = YES;
				CLANG_WARN_COMMA = YES;
				CLANG_WARN_CONSTANT_CONVERSION = YES;
				CLANG_WARN_DEPRECATED_OBJC_IMPLEMENTATIONS = YES;
				CLANG_WARN_DIRECT_OBJC_ISA_USAGE = YES_ERROR;
				CLANG_WARN_DOCUMENTATION_COMMENTS = YES;
				CLANG_WARN_EMPTY_BODY = YES;
				CLANG_WARN_ENUM_CONVERSION = YES;
				CLANG_WARN_INFINITE_RECURSION = YES;
				CLANG_WARN_INT_CONVERSION = YES;
				CLANG_WARN_NON_LITERAL_NULL_CONVERSION = YES;
				CLANG_WARN_OBJC_IMPLICIT_RETAIN_SELF = YES;
				CLANG_WARN_OBJC_LITERAL_CONVERSION = YES;
				CLANG_WARN_OBJC_ROOT_CLASS = YES_ERROR;
				CLANG_WARN_QUOTED_INCLUDE_IN_FRAMEWORK_HEADER = YES;
				CLANG_WARN_RANGE_LOOP_ANALYSIS = YES;
				CLANG_WARN_STRICT_PROTOTYPES = YES;
				CLANG_WARN_SUSPICIOUS_MOVE = YES;
				CLANG_WARN_UNGUARDED_AVAILABILITY = YES_AGGRESSIVE;
				CLANG_WARN_UNREACHABLE_CODE = YES;
				CLANG_WARN__DUPLICATE_METHOD_MATCH = YES;
				COPY_PHASE_STRIP = NO;
				DEBUG_INFORMATION_FORMAT = "dwarf-with-dsym";
				ENABLE_NS_ASSERTIONS = NO;
				ENABLE_STRICT_OBJC_MSGSEND = YES;
				GCC_C_LANGUAGE_STANDARD = gnu11;
				GCC_NO_COMMON_BLOCKS = YES;
				GCC_WARN_64_TO_32_BIT_CONVERSION = YES;
				GCC_WARN_ABOUT_RETURN_TYPE = YES_ERROR;
				GCC_WARN_UNDECLARED_SELECTOR = YES;
				GCC_WARN_UNINITIALIZED_AUTOS = YES_AGGRESSIVE;
				GCC_WARN_UNUSED_FUNCTION = YES;
				GCC_WARN_UNUSED_VARIABLE = YES;
				IPHONEOS_DEPLOYMENT_TARGET = 14.4;
				MTL_ENABLE_DEBUG_INFO = NO;
				MTL_FAST_MATH = YES;
				SDKROOT = iphoneos;
				SWIFT_COMPILATION_MODE = wholemodule;
				SWIFT_OPTIMIZATION_LEVEL = "-O";
				VALIDATE_PRODUCT = YES;
			};
			name = Release;
		};
		52B880F7261E0A7B0020700D /* Debug */ = {
			isa = XCBuildConfiguration;
			baseConfigurationReference = BCCA33E19678666A7FC4EA80 /* Pods-QuizApp.debug.xcconfig */;
			buildSettings = {
				ASSETCATALOG_COMPILER_APPICON_NAME = AppIcon;
				ASSETCATALOG_COMPILER_GLOBAL_ACCENT_COLOR_NAME = AccentColor;
				CODE_SIGN_STYLE = Automatic;
				INFOPLIST_FILE = QuizApp/Info.plist;
				LD_RUNPATH_SEARCH_PATHS = (
					"$(inherited)",
					"@executable_path/Frameworks",
				);
				PRODUCT_BUNDLE_IDENTIFIER = hr.fer.stracenski.danijel.QuizApp;
				PRODUCT_NAME = "$(TARGET_NAME)";
				SWIFT_VERSION = 5.0;
				TARGETED_DEVICE_FAMILY = "1,2";
			};
			name = Debug;
		};
		52B880F8261E0A7B0020700D /* Release */ = {
			isa = XCBuildConfiguration;
			baseConfigurationReference = 7F68D2BBE6D21CB36B20C510 /* Pods-QuizApp.release.xcconfig */;
			buildSettings = {
				ASSETCATALOG_COMPILER_APPICON_NAME = AppIcon;
				ASSETCATALOG_COMPILER_GLOBAL_ACCENT_COLOR_NAME = AccentColor;
				CODE_SIGN_STYLE = Automatic;
				INFOPLIST_FILE = QuizApp/Info.plist;
				LD_RUNPATH_SEARCH_PATHS = (
					"$(inherited)",
					"@executable_path/Frameworks",
				);
				PRODUCT_BUNDLE_IDENTIFIER = hr.fer.stracenski.danijel.QuizApp;
				PRODUCT_NAME = "$(TARGET_NAME)";
				SWIFT_VERSION = 5.0;
				TARGETED_DEVICE_FAMILY = "1,2";
			};
			name = Release;
		};
/* End XCBuildConfiguration section */

/* Begin XCConfigurationList section */
		52B880DD261E0A770020700D /* Build configuration list for PBXProject "QuizApp" */ = {
			isa = XCConfigurationList;
			buildConfigurations = (
				52B880F4261E0A7B0020700D /* Debug */,
				52B880F5261E0A7B0020700D /* Release */,
			);
			defaultConfigurationIsVisible = 0;
			defaultConfigurationName = Release;
		};
		52B880F6261E0A7B0020700D /* Build configuration list for PBXNativeTarget "QuizApp" */ = {
			isa = XCConfigurationList;
			buildConfigurations = (
				52B880F7261E0A7B0020700D /* Debug */,
				52B880F8261E0A7B0020700D /* Release */,
			);
			defaultConfigurationIsVisible = 0;
			defaultConfigurationName = Release;
		};
/* End XCConfigurationList section */
	};
	rootObject = 52B880DA261E0A770020700D /* Project object */;
}
